
Microsoft Visual Studio Solution File, Format Version 12.00
# Visual Studio Version 17
VisualStudioVersion = 17.0.32112.339
MinimumVisualStudioVersion = 10.0.40219.1
Project("{FAE04EC0-301F-11D3-BF4B-00C04F79EFBC}") = "C sharp Kerem Cesur Odev", "C sharp Kerem Cesur Odev\C sharp Kerem Cesur Odev.csproj", "{BAD66128-A31C-4F7B-B793-0E3C2BF27A48}"
EndProject
Global
	GlobalSection(SolutionConfigurationPlatforms) = preSolution
		Debug|Any CPU = Debug|Any CPU
		Release|Any CPU = Release|Any CPU
	EndGlobalSection
	GlobalSection(ProjectConfigurationPlatforms) = postSolution
		{BAD66128-A31C-4F7B-B793-0E3C2BF27A48}.Debug|Any CPU.ActiveCfg = Debug|Any CPU
		{BAD66128-A31C-4F7B-B793-0E3C2BF27A48}.Debug|Any CPU.Build.0 = Debug|Any CPU
		{BAD66128-A31C-4F7B-B793-0E3C2BF27A48}.Release|Any CPU.ActiveCfg = Release|Any CPU
		{BAD66128-A31C-4F7B-B793-0E3C2BF27A48}.Release|Any CPU.Build.0 = Release|Any CPU
	EndGlobalSection
	GlobalSection(SolutionProperties) = preSolution
		HideSolutionNode = FALSE
	EndGlobalSection
	GlobalSection(ExtensibilityGlobals) = postSolution
		SolutionGuid = {18ABDE08-989E-40DE-B03E-B20E33FAC229}
	EndGlobalSection
EndGlobal
